
Microsoft Visual Studio Solution File, Format Version 12.00
# Visual Studio Version 17
VisualStudioVersion = 17.0.31903.59
MinimumVisualStudioVersion = 10.0.40219.1
Project("{E24C65DC-7377-472B-9ABA-BC803B73C61A}") = "SteamClient", ".", "{FB65C8F4-613E-4EB5-8A11-6D91F320E3A4}"
	ProjectSection(WebsiteProperties) = preProject
		TargetFrameworkMoniker = ".NETFramework,Version%3Dv4.8.1"
		Debug.AspNetCompiler.VirtualPath = "/localhost_55855"
		Debug.AspNetCompiler.PhysicalPath = "..\SteamClient\"
		Debug.AspNetCompiler.TargetPath = "PrecompiledWeb\localhost_55855\"
		Debug.AspNetCompiler.Updateable = "true"
		Debug.AspNetCompiler.ForceOverwrite = "true"
		Debug.AspNetCompiler.FixedNames = "false"
		Debug.AspNetCompiler.Debug = "True"
		Release.AspNetCompiler.VirtualPath = "/localhost_55855"
		Release.AspNetCompiler.PhysicalPath = "..\SteamClient\"
		Release.AspNetCompiler.TargetPath = "PrecompiledWeb\localhost_55855\"
		Release.AspNetCompiler.Updateable = "true"
		Release.AspNetCompiler.ForceOverwrite = "true"
		Release.AspNetCompiler.FixedNames = "false"
		Release.AspNetCompiler.Debug = "False"
		VWDPort = "55855"
		SlnRelativePath = "..\SteamClient\"
	EndProjectSection
EndProject
Global
	GlobalSection(SolutionConfigurationPlatforms) = preSolution
		Debug|Any CPU = Debug|Any CPU
	EndGlobalSection
	GlobalSection(ProjectConfigurationPlatforms) = postSolution
		{FB65C8F4-613E-4EB5-8A11-6D91F320E3A4}.Debug|Any CPU.ActiveCfg = Debug|Any CPU
		{FB65C8F4-613E-4EB5-8A11-6D91F320E3A4}.Debug|Any CPU.Build.0 = Debug|Any CPU
	EndGlobalSection
	GlobalSection(SolutionProperties) = preSolution
		HideSolutionNode = FALSE
	EndGlobalSection
	GlobalSection(ExtensibilityGlobals) = postSolution
		SolutionGuid = {36E153C6-C287-459C-ADAE-3DC5DE0F06FA}
	EndGlobalSection
EndGlobal
