
Microsoft Visual Studio Solution File, Format Version 12.00
# Visual Studio Version 17
VisualStudioVersion = 17.9.34701.34
MinimumVisualStudioVersion = 10.0.40219.1
Project("{9A19103F-16F7-4668-BE54-9A1E7A4F7556}") = "ex1 #igroup15", "Steam-HW1\ex1 #igroup15.csproj", "{47EB15D4-7BB0-4E67-8F7B-60F00B318A4A}"
EndProject
Global
	GlobalSection(SolutionConfigurationPlatforms) = preSolution
		Debug|Any CPU = Debug|Any CPU
		Release|Any CPU = Release|Any CPU
	EndGlobalSection
	GlobalSection(ProjectConfigurationPlatforms) = postSolution
		{47EB15D4-7BB0-4E67-8F7B-60F00B318A4A}.Debug|Any CPU.ActiveCfg = Debug|Any CPU
		{47EB15D4-7BB0-4E67-8F7B-60F00B318A4A}.Debug|Any CPU.Build.0 = Debug|Any CPU
		{47EB15D4-7BB0-4E67-8F7B-60F00B318A4A}.Release|Any CPU.ActiveCfg = Release|Any CPU
		{47EB15D4-7BB0-4E67-8F7B-60F00B318A4A}.Release|Any CPU.Build.0 = Release|Any CPU
	EndGlobalSection
	GlobalSection(SolutionProperties) = preSolution
		HideSolutionNode = FALSE
	EndGlobalSection
	GlobalSection(ExtensibilityGlobals) = postSolution
		SolutionGuid = {8461F299-437C-4F45-9079-F2BDFB4D64A1}
	EndGlobalSection
EndGlobal
